
Microsoft Visual Studio Solution File, Format Version 12.00
# Visual Studio 15
VisualStudioVersion = 15.0.28010.2041
MinimumVisualStudioVersion = 10.0.40219.1
Project("{FAE04EC0-301F-11D3-BF4B-00C04F79EFBC}") = "GitExtGitLabBuildServerPlugin", "GitExtGitLabBuildServerPlugin\GitExtGitLabBuildServerPlugin.csproj", "{425F0AC8-A2FF-4C9D-8220-477177394AC1}"
EndProject
Global
	GlobalSection(SolutionConfigurationPlatforms) = preSolution
		Debug|Any CPU = Debug|Any CPU
		Release|Any CPU = Release|Any CPU
	EndGlobalSection
	GlobalSection(ProjectConfigurationPlatforms) = postSolution
		{425F0AC8-A2FF-4C9D-8220-477177394AC1}.Debug|Any CPU.ActiveCfg = Debug|Any CPU
		{425F0AC8-A2FF-4C9D-8220-477177394AC1}.Debug|Any CPU.Build.0 = Debug|Any CPU
		{425F0AC8-A2FF-4C9D-8220-477177394AC1}.Release|Any CPU.ActiveCfg = Release|Any CPU
		{425F0AC8-A2FF-4C9D-8220-477177394AC1}.Release|Any CPU.Build.0 = Release|Any CPU
	EndGlobalSection
	GlobalSection(SolutionProperties) = preSolution
		HideSolutionNode = FALSE
	EndGlobalSection
	GlobalSection(ExtensibilityGlobals) = postSolution
		SolutionGuid = {F9C013DB-C236-42DD-B215-FBCC88777C74}
	EndGlobalSection
EndGlobal
